{
  "name": "be-oosoom",
  "version": "0.0.0",
  "lockfileVersion": 2,
  "requires": true,
  "packages": {
    "": {
      "name": "be-oosoom",
      "version": "0.0.0",
      "license": "MIT",
      "dependencies": {
        "be-decorated": "0.0.150",
        "be-hive": "0.0.58"
      }
    },
    "node_modules/be-decorated": {
      "version": "0.0.150",
      "resolved": "https://registry.npmjs.org/be-decorated/-/be-decorated-0.0.150.tgz",
      "integrity": "sha512-kYLiEm7MyyXXB6SRd9TgN4YNr8Y9J4NkDpWn5t/zemFckcmgDWCraxXDBhYSiL//spq0gKF2eVOSA4t50hEzwA==",
      "dependencies": {
        "trans-render": "0.0.581",
        "xtal-element": "0.0.515"
      }
    },
    "node_modules/be-hive": {
      "version": "0.0.58",
      "resolved": "https://registry.npmjs.org/be-hive/-/be-hive-0.0.58.tgz",
      "integrity": "sha512-fuqm0jv95wnWY03lzPsazSA+q/6HHOyGlv8/Wadb4Wp/4zpm+hOCm3hLJwhboRDuv20bhuBOT+XSnToFVVRFww==",
      "dependencies": {
        "trans-render": "0.0.581"
      }
    },
    "node_modules/trans-render": {
      "version": "0.0.581",
      "resolved": "https://registry.npmjs.org/trans-render/-/trans-render-0.0.581.tgz",
      "integrity": "sha512-CFdGKE6T2m2BRuO0+vAHAsAlG0vaUyps9mb4IA6fB805eJW1ymj0WcI34lPxuejaU64ZoCtUTm5Syb/Oxnvg4g=="
    },
    "node_modules/xtal-element": {
      "version": "0.0.515",
      "resolved": "https://registry.npmjs.org/xtal-element/-/xtal-element-0.0.515.tgz",
      "integrity": "sha512-0nHo4nO/aALyCvIPMreo/NczJ07yLwU/GMM7i2V4fgo5xfKbFqPgpuTfx19WFhmisl56xLuNWds6/z31vQ606A==",
      "dependencies": {
        "trans-render": "0.0.581"
      }
    }
  },
  "dependencies": {
    "be-decorated": {
      "version": "0.0.150",
      "resolved": "https://registry.npmjs.org/be-decorated/-/be-decorated-0.0.150.tgz",
      "integrity": "sha512-kYLiEm7MyyXXB6SRd9TgN4YNr8Y9J4NkDpWn5t/zemFckcmgDWCraxXDBhYSiL//spq0gKF2eVOSA4t50hEzwA==",
      "requires": {
        "trans-render": "0.0.581",
        "xtal-element": "0.0.515"
      }
    },
    "be-hive": {
      "version": "0.0.58",
      "resolved": "https://registry.npmjs.org/be-hive/-/be-hive-0.0.58.tgz",
      "integrity": "sha512-fuqm0jv95wnWY03lzPsazSA+q/6HHOyGlv8/Wadb4Wp/4zpm+hOCm3hLJwhboRDuv20bhuBOT+XSnToFVVRFww==",
      "requires": {
        "trans-render": "0.0.581"
      }
    },
    "trans-render": {
      "version": "0.0.581",
      "resolved": "https://registry.npmjs.org/trans-render/-/trans-render-0.0.581.tgz",
      "integrity": "sha512-CFdGKE6T2m2BRuO0+vAHAsAlG0vaUyps9mb4IA6fB805eJW1ymj0WcI34lPxuejaU64ZoCtUTm5Syb/Oxnvg4g=="
    },
    "xtal-element": {
      "version": "0.0.515",
      "resolved": "https://registry.npmjs.org/xtal-element/-/xtal-element-0.0.515.tgz",
      "integrity": "sha512-0nHo4nO/aALyCvIPMreo/NczJ07yLwU/GMM7i2V4fgo5xfKbFqPgpuTfx19WFhmisl56xLuNWds6/z31vQ606A==",
      "requires": {
        "trans-render": "0.0.581"
      }
    }
  }
}
